
Microsoft Visual Studio Solution File, Format Version 12.00
# Visual Studio Version 17
VisualStudioVersion = 17.8.34525.116
MinimumVisualStudioVersion = 10.0.40219.1
Project("{FAE04EC0-301F-11D3-BF4B-00C04F79EFBC}") = "DSV Booking", "DSV Booking\DSV Booking.csproj", "{FC082139-C5D4-4E2A-93B2-23E69B1D4D8D}"
EndProject
Global
	GlobalSection(SolutionConfigurationPlatforms) = preSolution
		Debug|Any CPU = Debug|Any CPU
		Release|Any CPU = Release|Any CPU
	EndGlobalSection
	GlobalSection(ProjectConfigurationPlatforms) = postSolution
		{FC082139-C5D4-4E2A-93B2-23E69B1D4D8D}.Debug|Any CPU.ActiveCfg = Debug|Any CPU
		{FC082139-C5D4-4E2A-93B2-23E69B1D4D8D}.Debug|Any CPU.Build.0 = Debug|Any CPU
		{FC082139-C5D4-4E2A-93B2-23E69B1D4D8D}.Release|Any CPU.ActiveCfg = Release|Any CPU
		{FC082139-C5D4-4E2A-93B2-23E69B1D4D8D}.Release|Any CPU.Build.0 = Release|Any CPU
	EndGlobalSection
	GlobalSection(SolutionProperties) = preSolution
		HideSolutionNode = FALSE
	EndGlobalSection
	GlobalSection(ExtensibilityGlobals) = postSolution
		SolutionGuid = {974A867F-D91D-4091-9A4C-30253410AF67}
	EndGlobalSection
EndGlobal
